// !$*UTF8*$!
{
	archiveVersion = 1;
	classes = {
	};
	objectVersion = 50;
	objects = {

/* Begin PBXBuildFile section */
		76A6A6C526334F4B00DC7258 /* AppDelegate.swift in Sources */ = {isa = PBXBuildFile; fileRef = 76A6A6C426334F4B00DC7258 /* AppDelegate.swift */; };
		76A6A6C726334F4B00DC7258 /* SceneDelegate.swift in Sources */ = {isa = PBXBuildFile; fileRef = 76A6A6C626334F4B00DC7258 /* SceneDelegate.swift */; };
		76A6A6C926334F4B00DC7258 /* ViewController.swift in Sources */ = {isa = PBXBuildFile; fileRef = 76A6A6C826334F4B00DC7258 /* ViewController.swift */; };
		76A6A6CC26334F4B00DC7258 /* Main.storyboard in Resources */ = {isa = PBXBuildFile; fileRef = 76A6A6CA26334F4B00DC7258 /* Main.storyboard */; };
		76A6A6CE26334F4B00DC7258 /* Assets.xcassets in Resources */ = {isa = PBXBuildFile; fileRef = 76A6A6CD26334F4B00DC7258 /* Assets.xcassets */; };
		76A6A6D126334F4B00DC7258 /* LaunchScreen.storyboard in Resources */ = {isa = PBXBuildFile; fileRef = 76A6A6CF26334F4B00DC7258 /* LaunchScreen.storyboard */; };
		76A6A6DC26334F4B00DC7258 /* ReposTests.swift in Sources */ = {isa = PBXBuildFile; fileRef = 76A6A6DB26334F4B00DC7258 /* ReposTests.swift */; };
		76A6A6E726334F4B00DC7258 /* ReposUITests.swift in Sources */ = {isa = PBXBuildFile; fileRef = 76A6A6E626334F4B00DC7258 /* ReposUITests.swift */; };
		76A6A7022633527E00DC7258 /* ServiceEnviroment.swift in Sources */ = {isa = PBXBuildFile; fileRef = 76A6A7012633527E00DC7258 /* ServiceEnviroment.swift */; };
		76A6A70A2633528D00DC7258 /* NetworkProvider.swift in Sources */ = {isa = PBXBuildFile; fileRef = 76A6A7092633528D00DC7258 /* NetworkProvider.swift */; };
		76A6A710263362CB00DC7258 /* TargetType.swift in Sources */ = {isa = PBXBuildFile; fileRef = 76A6A70F263362CB00DC7258 /* TargetType.swift */; };
		76A6A718263363D800DC7258 /* RepositoryResponse.swift in Sources */ = {isa = PBXBuildFile; fileRef = 76A6A717263363D800DC7258 /* RepositoryResponse.swift */; };
/* End PBXBuildFile section */

/* Begin PBXContainerItemProxy section */
		76A6A6D826334F4B00DC7258 /* PBXContainerItemProxy */ = {
			isa = PBXContainerItemProxy;
			containerPortal = 76A6A6B926334F4B00DC7258 /* Project object */;
			proxyType = 1;
			remoteGlobalIDString = 76A6A6C026334F4B00DC7258;
			remoteInfo = Repos;
		};
		76A6A6E326334F4B00DC7258 /* PBXContainerItemProxy */ = {
			isa = PBXContainerItemProxy;
			containerPortal = 76A6A6B926334F4B00DC7258 /* Project object */;
			proxyType = 1;
			remoteGlobalIDString = 76A6A6C026334F4B00DC7258;
			remoteInfo = Repos;
		};
/* End PBXContainerItemProxy section */

/* Begin PBXFileReference section */
		76A6A6C126334F4B00DC7258 /* Repos.app */ = {isa = PBXFileReference; explicitFileType = wrapper.application; includeInIndex = 0; path = Repos.app; sourceTree = BUILT_PRODUCTS_DIR; };
		76A6A6C426334F4B00DC7258 /* AppDelegate.swift */ = {isa = PBXFileReference; lastKnownFileType = sourcecode.swift; path = AppDelegate.swift; sourceTree = "<group>"; };
		76A6A6C626334F4B00DC7258 /* SceneDelegate.swift */ = {isa = PBXFileReference; lastKnownFileType = sourcecode.swift; path = SceneDelegate.swift; sourceTree = "<group>"; };
		76A6A6C826334F4B00DC7258 /* ViewController.swift */ = {isa = PBXFileReference; lastKnownFileType = sourcecode.swift; path = ViewController.swift; sourceTree = "<group>"; };
		76A6A6CB26334F4B00DC7258 /* Base */ = {isa = PBXFileReference; lastKnownFileType = file.storyboard; name = Base; path = Base.lproj/Main.storyboard; sourceTree = "<group>"; };
		76A6A6CD26334F4B00DC7258 /* Assets.xcassets */ = {isa = PBXFileReference; lastKnownFileType = folder.assetcatalog; path = Assets.xcassets; sourceTree = "<group>"; };
		76A6A6D026334F4B00DC7258 /* Base */ = {isa = PBXFileReference; lastKnownFileType = file.storyboard; name = Base; path = Base.lproj/LaunchScreen.storyboard; sourceTree = "<group>"; };
		76A6A6D226334F4B00DC7258 /* Info.plist */ = {isa = PBXFileReference; lastKnownFileType = text.plist.xml; path = Info.plist; sourceTree = "<group>"; };
		76A6A6D726334F4B00DC7258 /* ReposTests.xctest */ = {isa = PBXFileReference; explicitFileType = wrapper.cfbundle; includeInIndex = 0; path = ReposTests.xctest; sourceTree = BUILT_PRODUCTS_DIR; };
		76A6A6DB26334F4B00DC7258 /* ReposTests.swift */ = {isa = PBXFileReference; lastKnownFileType = sourcecode.swift; path = ReposTests.swift; sourceTree = "<group>"; };
		76A6A6DD26334F4B00DC7258 /* Info.plist */ = {isa = PBXFileReference; lastKnownFileType = text.plist.xml; path = Info.plist; sourceTree = "<group>"; };
		76A6A6E226334F4B00DC7258 /* ReposUITests.xctest */ = {isa = PBXFileReference; explicitFileType = wrapper.cfbundle; includeInIndex = 0; path = ReposUITests.xctest; sourceTree = BUILT_PRODUCTS_DIR; };
		76A6A6E626334F4B00DC7258 /* ReposUITests.swift */ = {isa = PBXFileReference; lastKnownFileType = sourcecode.swift; path = ReposUITests.swift; sourceTree = "<group>"; };
		76A6A6E826334F4B00DC7258 /* Info.plist */ = {isa = PBXFileReference; lastKnownFileType = text.plist.xml; path = Info.plist; sourceTree = "<group>"; };
		76A6A7012633527E00DC7258 /* ServiceEnviroment.swift */ = {isa = PBXFileReference; lastKnownFileType = sourcecode.swift; path = ServiceEnviroment.swift; sourceTree = "<group>"; };
		76A6A7092633528D00DC7258 /* NetworkProvider.swift */ = {isa = PBXFileReference; lastKnownFileType = sourcecode.swift; path = NetworkProvider.swift; sourceTree = "<group>"; };
		76A6A70F263362CB00DC7258 /* TargetType.swift */ = {isa = PBXFileReference; lastKnownFileType = sourcecode.swift; path = TargetType.swift; sourceTree = "<group>"; };
		76A6A717263363D800DC7258 /* RepositoryResponse.swift */ = {isa = PBXFileReference; lastKnownFileType = sourcecode.swift; path = RepositoryResponse.swift; sourceTree = "<group>"; };
/* End PBXFileReference section */

/* Begin PBXFrameworksBuildPhase section */
		76A6A6BE26334F4B00DC7258 /* Frameworks */ = {
			isa = PBXFrameworksBuildPhase;
			buildActionMask = 2147483647;
			files = (
			);
			runOnlyForDeploymentPostprocessing = 0;
		};
		76A6A6D426334F4B00DC7258 /* Frameworks */ = {
			isa = PBXFrameworksBuildPhase;
			buildActionMask = 2147483647;
			files = (
			);
			runOnlyForDeploymentPostprocessing = 0;
		};
		76A6A6DF26334F4B00DC7258 /* Frameworks */ = {
			isa = PBXFrameworksBuildPhase;
			buildActionMask = 2147483647;
			files = (
			);
			runOnlyForDeploymentPostprocessing = 0;
		};
/* End PBXFrameworksBuildPhase section */

/* Begin PBXGroup section */
		76A6A6B826334F4B00DC7258 = {
			isa = PBXGroup;
			children = (
				76A6A6C326334F4B00DC7258 /* Repos */,
				76A6A6DA26334F4B00DC7258 /* ReposTests */,
				76A6A6E526334F4B00DC7258 /* ReposUITests */,
				76A6A6C226334F4B00DC7258 /* Products */,
			);
			sourceTree = "<group>";
		};
		76A6A6C226334F4B00DC7258 /* Products */ = {
			isa = PBXGroup;
			children = (
				76A6A6C126334F4B00DC7258 /* Repos.app */,
				76A6A6D726334F4B00DC7258 /* ReposTests.xctest */,
				76A6A6E226334F4B00DC7258 /* ReposUITests.xctest */,
			);
			name = Products;
			sourceTree = "<group>";
		};
		76A6A6C326334F4B00DC7258 /* Repos */ = {
			isa = PBXGroup;
			children = (
				76A6A6FE2633525100DC7258 /* ViewModel */,
				76A6A6FD2633524900DC7258 /* Model */,
				76A6A6FB26334FBB00DC7258 /* Storyboard */,
				76A6A6FA26334FA100DC7258 /* Resources */,
				76A6A6F926334F7B00DC7258 /* Views */,
				76A6A6F826334F7200DC7258 /* Network */,
				76A6A6F726334F5900DC7258 /* App */,
				76A6A6D226334F4B00DC7258 /* Info.plist */,
			);
			path = Repos;
			sourceTree = "<group>";
		};
		76A6A6DA26334F4B00DC7258 /* ReposTests */ = {
			isa = PBXGroup;
			children = (
				76A6A6DB26334F4B00DC7258 /* ReposTests.swift */,
				76A6A6DD26334F4B00DC7258 /* Info.plist */,
			);
			path = ReposTests;
			sourceTree = "<group>";
		};
		76A6A6E526334F4B00DC7258 /* ReposUITests */ = {
			isa = PBXGroup;
			children = (
				76A6A6E626334F4B00DC7258 /* ReposUITests.swift */,
				76A6A6E826334F4B00DC7258 /* Info.plist */,
			);
			path = ReposUITests;
			sourceTree = "<group>";
		};
		76A6A6F726334F5900DC7258 /* App */ = {
			isa = PBXGroup;
			children = (
				76A6A6C626334F4B00DC7258 /* SceneDelegate.swift */,
				76A6A6C426334F4B00DC7258 /* AppDelegate.swift */,
			);
			path = App;
			sourceTree = "<group>";
		};
		76A6A6F826334F7200DC7258 /* Network */ = {
			isa = PBXGroup;
			children = (
				76A6A70E2633529200DC7258 /* Base */,
				76A6A7002633526B00DC7258 /* Responses */,
				76A6A6FF2633526400DC7258 /* Requests */,
				76A6A7012633527E00DC7258 /* ServiceEnviroment.swift */,
				76A6A7092633528D00DC7258 /* NetworkProvider.swift */,
			);
			path = Network;
			sourceTree = "<group>";
		};
		76A6A6F926334F7B00DC7258 /* Views */ = {
			isa = PBXGroup;
			children = (
				76A6A6C826334F4B00DC7258 /* ViewController.swift */,
			);
			path = Views;
			sourceTree = "<group>";
		};
		76A6A6FA26334FA100DC7258 /* Resources */ = {
			isa = PBXGroup;
			children = (
				76A6A6CD26334F4B00DC7258 /* Assets.xcassets */,
			);
			path = Resources;
			sourceTree = "<group>";
		};
		76A6A6FB26334FBB00DC7258 /* Storyboard */ = {
			isa = PBXGroup;
			children = (
				76A6A6FC26334FCC00DC7258 /* Main */,
			);
			path = Storyboard;
			sourceTree = "<group>";
		};
		76A6A6FC26334FCC00DC7258 /* Main */ = {
			isa = PBXGroup;
			children = (
				76A6A6CA26334F4B00DC7258 /* Main.storyboard */,
				76A6A6CF26334F4B00DC7258 /* LaunchScreen.storyboard */,
			);
			path = Main;
			sourceTree = "<group>";
		};
		76A6A6FD2633524900DC7258 /* Model */ = {
			isa = PBXGroup;
			children = (
			);
			path = Model;
			sourceTree = "<group>";
		};
		76A6A6FE2633525100DC7258 /* ViewModel */ = {
			isa = PBXGroup;
			children = (
			);
			path = ViewModel;
			sourceTree = "<group>";
		};
		76A6A6FF2633526400DC7258 /* Requests */ = {
			isa = PBXGroup;
			children = (
			);
			path = Requests;
			sourceTree = "<group>";
		};
		76A6A7002633526B00DC7258 /* Responses */ = {
			isa = PBXGroup;
			children = (
				76A6A717263363D800DC7258 /* RepositoryResponse.swift */,
			);
			path = Responses;
			sourceTree = "<group>";
		};
		76A6A70E2633529200DC7258 /* Base */ = {
			isa = PBXGroup;
			children = (
				76A6A70F263362CB00DC7258 /* TargetType.swift */,
			);
			path = Base;
			sourceTree = "<group>";
		};
/* End PBXGroup section */

/* Begin PBXNativeTarget section */
		76A6A6C026334F4B00DC7258 /* Repos */ = {
			isa = PBXNativeTarget;
			buildConfigurationList = 76A6A6EB26334F4B00DC7258 /* Build configuration list for PBXNativeTarget "Repos" */;
			buildPhases = (
				76A6A6BD26334F4B00DC7258 /* Sources */,
				76A6A6BE26334F4B00DC7258 /* Frameworks */,
				76A6A6BF26334F4B00DC7258 /* Resources */,
			);
			buildRules = (
			);
			dependencies = (
			);
			name = Repos;
			productName = Repos;
			productReference = 76A6A6C126334F4B00DC7258 /* Repos.app */;
			productType = "com.apple.product-type.application";
		};
		76A6A6D626334F4B00DC7258 /* ReposTests */ = {
			isa = PBXNativeTarget;
			buildConfigurationList = 76A6A6EE26334F4B00DC7258 /* Build configuration list for PBXNativeTarget "ReposTests" */;
			buildPhases = (
				76A6A6D326334F4B00DC7258 /* Sources */,
				76A6A6D426334F4B00DC7258 /* Frameworks */,
				76A6A6D526334F4B00DC7258 /* Resources */,
			);
			buildRules = (
			);
			dependencies = (
				76A6A6D926334F4B00DC7258 /* PBXTargetDependency */,
			);
			name = ReposTests;
			productName = ReposTests;
			productReference = 76A6A6D726334F4B00DC7258 /* ReposTests.xctest */;
			productType = "com.apple.product-type.bundle.unit-test";
		};
		76A6A6E126334F4B00DC7258 /* ReposUITests */ = {
			isa = PBXNativeTarget;
			buildConfigurationList = 76A6A6F126334F4B00DC7258 /* Build configuration list for PBXNativeTarget "ReposUITests" */;
			buildPhases = (
				76A6A6DE26334F4B00DC7258 /* Sources */,
				76A6A6DF26334F4B00DC7258 /* Frameworks */,
				76A6A6E026334F4B00DC7258 /* Resources */,
			);
			buildRules = (
			);
			dependencies = (
				76A6A6E426334F4B00DC7258 /* PBXTargetDependency */,
			);
			name = ReposUITests;
			productName = ReposUITests;
			productReference = 76A6A6E226334F4B00DC7258 /* ReposUITests.xctest */;
			productType = "com.apple.product-type.bundle.ui-testing";
		};
/* End PBXNativeTarget section */

/* Begin PBXProject section */
		76A6A6B926334F4B00DC7258 /* Project object */ = {
			isa = PBXProject;
			attributes = {
				LastSwiftUpdateCheck = 1240;
				LastUpgradeCheck = 1240;
				TargetAttributes = {
					76A6A6C026334F4B00DC7258 = {
						CreatedOnToolsVersion = 12.4;
					};
					76A6A6D626334F4B00DC7258 = {
						CreatedOnToolsVersion = 12.4;
						TestTargetID = 76A6A6C026334F4B00DC7258;
					};
					76A6A6E126334F4B00DC7258 = {
						CreatedOnToolsVersion = 12.4;
						TestTargetID = 76A6A6C026334F4B00DC7258;
					};
				};
			};
			buildConfigurationList = 76A6A6BC26334F4B00DC7258 /* Build configuration list for PBXProject "Repos" */;
			compatibilityVersion = "Xcode 9.3";
			developmentRegion = en;
			hasScannedForEncodings = 0;
			knownRegions = (
				en,
				Base,
			);
			mainGroup = 76A6A6B826334F4B00DC7258;
			productRefGroup = 76A6A6C226334F4B00DC7258 /* Products */;
			projectDirPath = "";
			projectRoot = "";
			targets = (
				76A6A6C026334F4B00DC7258 /* Repos */,
				76A6A6D626334F4B00DC7258 /* ReposTests */,
				76A6A6E126334F4B00DC7258 /* ReposUITests */,
			);
		};
/* End PBXProject section */

/* Begin PBXResourcesBuildPhase section */
		76A6A6BF26334F4B00DC7258 /* Resources */ = {
			isa = PBXResourcesBuildPhase;
			buildActionMask = 2147483647;
			files = (
				76A6A6D126334F4B00DC7258 /* LaunchScreen.storyboard in Resources */,
				76A6A6CE26334F4B00DC7258 /* Assets.xcassets in Resources */,
				76A6A6CC26334F4B00DC7258 /* Main.storyboard in Resources */,
			);
			runOnlyForDeploymentPostprocessing = 0;
		};
		76A6A6D526334F4B00DC7258 /* Resources */ = {
			isa = PBXResourcesBuildPhase;
			buildActionMask = 2147483647;
			files = (
			);
			runOnlyForDeploymentPostprocessing = 0;
		};
		76A6A6E026334F4B00DC7258 /* Resources */ = {
			isa = PBXResourcesBuildPhase;
			buildActionMask = 2147483647;
			files = (
			);
			runOnlyForDeploymentPostprocessing = 0;
		};
/* End PBXResourcesBuildPhase section */

/* Begin PBXSourcesBuildPhase section */
		76A6A6BD26334F4B00DC7258 /* Sources */ = {
			isa = PBXSourcesBuildPhase;
			buildActionMask = 2147483647;
			files = (
				76A6A710263362CB00DC7258 /* TargetType.swift in Sources */,
				76A6A6C926334F4B00DC7258 /* ViewController.swift in Sources */,
				76A6A6C526334F4B00DC7258 /* AppDelegate.swift in Sources */,
				76A6A718263363D800DC7258 /* RepositoryResponse.swift in Sources */,
				76A6A7022633527E00DC7258 /* ServiceEnviroment.swift in Sources */,
				76A6A6C726334F4B00DC7258 /* SceneDelegate.swift in Sources */,
				76A6A70A2633528D00DC7258 /* NetworkProvider.swift in Sources */,
			);
			runOnlyForDeploymentPostprocessing = 0;
		};
		76A6A6D326334F4B00DC7258 /* Sources */ = {
			isa = PBXSourcesBuildPhase;
			buildActionMask = 2147483647;
			files = (
				76A6A6DC26334F4B00DC7258 /* ReposTests.swift in Sources */,
			);
			runOnlyForDeploymentPostprocessing = 0;
		};
		76A6A6DE26334F4B00DC7258 /* Sources */ = {
			isa = PBXSourcesBuildPhase;
			buildActionMask = 2147483647;
			files = (
				76A6A6E726334F4B00DC7258 /* ReposUITests.swift in Sources */,
			);
			runOnlyForDeploymentPostprocessing = 0;
		};
/* End PBXSourcesBuildPhase section */

/* Begin PBXTargetDependency section */
		76A6A6D926334F4B00DC7258 /* PBXTargetDependency */ = {
			isa = PBXTargetDependency;
			target = 76A6A6C026334F4B00DC7258 /* Repos */;
			targetProxy = 76A6A6D826334F4B00DC7258 /* PBXContainerItemProxy */;
		};
		76A6A6E426334F4B00DC7258 /* PBXTargetDependency */ = {
			isa = PBXTargetDependency;
			target = 76A6A6C026334F4B00DC7258 /* Repos */;
			targetProxy = 76A6A6E326334F4B00DC7258 /* PBXContainerItemProxy */;
		};
/* End PBXTargetDependency section */

/* Begin PBXVariantGroup section */
		76A6A6CA26334F4B00DC7258 /* Main.storyboard */ = {
			isa = PBXVariantGroup;
			children = (
				76A6A6CB26334F4B00DC7258 /* Base */,
			);
			name = Main.storyboard;
			sourceTree = "<group>";
		};
		76A6A6CF26334F4B00DC7258 /* LaunchScreen.storyboard */ = {
			isa = PBXVariantGroup;
			children = (
				76A6A6D026334F4B00DC7258 /* Base */,
			);
			name = LaunchScreen.storyboard;
			sourceTree = "<group>";
		};
/* End PBXVariantGroup section */

/* Begin XCBuildConfiguration section */
		76A6A6E926334F4B00DC7258 /* Debug */ = {
			isa = XCBuildConfiguration;
			buildSettings = {
				ALWAYS_SEARCH_USER_PATHS = NO;
				CLANG_ANALYZER_NONNULL = YES;
				CLANG_ANALYZER_NUMBER_OBJECT_CONVERSION = YES_AGGRESSIVE;
				CLANG_CXX_LANGUAGE_STANDARD = "gnu++14";
				CLANG_CXX_LIBRARY = "libc++";
				CLANG_ENABLE_MODULES = YES;
				CLANG_ENABLE_OBJC_ARC = YES;
				CLANG_ENABLE_OBJC_WEAK = YES;
				CLANG_WARN_BLOCK_CAPTURE_AUTORELEASING = YES;
				CLANG_WARN_BOOL_CONVERSION = YES;
				CLANG_WARN_COMMA = YES;
				CLANG_WARN_CONSTANT_CONVERSION = YES;
				CLANG_WARN_DEPRECATED_OBJC_IMPLEMENTATIONS = YES;
				CLANG_WARN_DIRECT_OBJC_ISA_USAGE = YES_ERROR;
				CLANG_WARN_DOCUMENTATION_COMMENTS = YES;
				CLANG_WARN_EMPTY_BODY = YES;
				CLANG_WARN_ENUM_CONVERSION = YES;
				CLANG_WARN_INFINITE_RECURSION = YES;
				CLANG_WARN_INT_CONVERSION = YES;
				CLANG_WARN_NON_LITERAL_NULL_CONVERSION = YES;
				CLANG_WARN_OBJC_IMPLICIT_RETAIN_SELF = YES;
				CLANG_WARN_OBJC_LITERAL_CONVERSION = YES;
				CLANG_WARN_OBJC_ROOT_CLASS = YES_ERROR;
				CLANG_WARN_QUOTED_INCLUDE_IN_FRAMEWORK_HEADER = YES;
				CLANG_WARN_RANGE_LOOP_ANALYSIS = YES;
				CLANG_WARN_STRICT_PROTOTYPES = YES;
				CLANG_WARN_SUSPICIOUS_MOVE = YES;
				CLANG_WARN_UNGUARDED_AVAILABILITY = YES_AGGRESSIVE;
				CLANG_WARN_UNREACHABLE_CODE = YES;
				CLANG_WARN__DUPLICATE_METHOD_MATCH = YES;
				COPY_PHASE_STRIP = NO;
				DEBUG_INFORMATION_FORMAT = dwarf;
				ENABLE_STRICT_OBJC_MSGSEND = YES;
				ENABLE_TESTABILITY = YES;
				GCC_C_LANGUAGE_STANDARD = gnu11;
				GCC_DYNAMIC_NO_PIC = NO;
				GCC_NO_COMMON_BLOCKS = YES;
				GCC_OPTIMIZATION_LEVEL = 0;
				GCC_PREPROCESSOR_DEFINITIONS = (
					"DEBUG=1",
					"$(inherited)",
				);
				GCC_WARN_64_TO_32_BIT_CONVERSION = YES;
				GCC_WARN_ABOUT_RETURN_TYPE = YES_ERROR;
				GCC_WARN_UNDECLARED_SELECTOR = YES;
				GCC_WARN_UNINITIALIZED_AUTOS = YES_AGGRESSIVE;
				GCC_WARN_UNUSED_FUNCTION = YES;
				GCC_WARN_UNUSED_VARIABLE = YES;
				IPHONEOS_DEPLOYMENT_TARGET = 14.4;
				MTL_ENABLE_DEBUG_INFO = INCLUDE_SOURCE;
				MTL_FAST_MATH = YES;
				ONLY_ACTIVE_ARCH = YES;
				SDKROOT = iphoneos;
				SWIFT_ACTIVE_COMPILATION_CONDITIONS = DEBUG;
				SWIFT_OPTIMIZATION_LEVEL = "-Onone";
			};
			name = Debug;
		};
		76A6A6EA26334F4B00DC7258 /* Release */ = {
			isa = XCBuildConfiguration;
			buildSettings = {
				ALWAYS_SEARCH_USER_PATHS = NO;
				CLANG_ANALYZER_NONNULL = YES;
				CLANG_ANALYZER_NUMBER_OBJECT_CONVERSION = YES_AGGRESSIVE;
				CLANG_CXX_LANGUAGE_STANDARD = "gnu++14";
				CLANG_CXX_LIBRARY = "libc++";
				CLANG_ENABLE_MODULES = YES;
				CLANG_ENABLE_OBJC_ARC = YES;
				CLANG_ENABLE_OBJC_WEAK = YES;
				CLANG_WARN_BLOCK_CAPTURE_AUTORELEASING = YES;
				CLANG_WARN_BOOL_CONVERSION = YES;
				CLANG_WARN_COMMA = YES;
				CLANG_WARN_CONSTANT_CONVERSION = YES;
				CLANG_WARN_DEPRECATED_OBJC_IMPLEMENTATIONS = YES;
				CLANG_WARN_DIRECT_OBJC_ISA_USAGE = YES_ERROR;
				CLANG_WARN_DOCUMENTATION_COMMENTS = YES;
				CLANG_WARN_EMPTY_BODY = YES;
				CLANG_WARN_ENUM_CONVERSION = YES;
				CLANG_WARN_INFINITE_RECURSION = YES;
				CLANG_WARN_INT_CONVERSION = YES;
				CLANG_WARN_NON_LITERAL_NULL_CONVERSION = YES;
				CLANG_WARN_OBJC_IMPLICIT_RETAIN_SELF = YES;
				CLANG_WARN_OBJC_LITERAL_CONVERSION = YES;
				CLANG_WARN_OBJC_ROOT_CLASS = YES_ERROR;
				CLANG_WARN_QUOTED_INCLUDE_IN_FRAMEWORK_HEADER = YES;
				CLANG_WARN_RANGE_LOOP_ANALYSIS = YES;
				CLANG_WARN_STRICT_PROTOTYPES = YES;
				CLANG_WARN_SUSPICIOUS_MOVE = YES;
				CLANG_WARN_UNGUARDED_AVAILABILITY = YES_AGGRESSIVE;
				CLANG_WARN_UNREACHABLE_CODE = YES;
				CLANG_WARN__DUPLICATE_METHOD_MATCH = YES;
				COPY_PHASE_STRIP = NO;
				DEBUG_INFORMATION_FORMAT = "dwarf-with-dsym";
				ENABLE_NS_ASSERTIONS = NO;
				ENABLE_STRICT_OBJC_MSGSEND = YES;
				GCC_C_LANGUAGE_STANDARD = gnu11;
				GCC_NO_COMMON_BLOCKS = YES;
				GCC_WARN_64_TO_32_BIT_CONVERSION = YES;
				GCC_WARN_ABOUT_RETURN_TYPE = YES_ERROR;
				GCC_WARN_UNDECLARED_SELECTOR = YES;
				GCC_WARN_UNINITIALIZED_AUTOS = YES_AGGRESSIVE;
				GCC_WARN_UNUSED_FUNCTION = YES;
				GCC_WARN_UNUSED_VARIABLE = YES;
				IPHONEOS_DEPLOYMENT_TARGET = 14.4;
				MTL_ENABLE_DEBUG_INFO = NO;
				MTL_FAST_MATH = YES;
				SDKROOT = iphoneos;
				SWIFT_COMPILATION_MODE = wholemodule;
				SWIFT_OPTIMIZATION_LEVEL = "-O";
				VALIDATE_PRODUCT = YES;
			};
			name = Release;
		};
		76A6A6EC26334F4B00DC7258 /* Debug */ = {
			isa = XCBuildConfiguration;
			buildSettings = {
				ASSETCATALOG_COMPILER_APPICON_NAME = AppIcon;
				ASSETCATALOG_COMPILER_GLOBAL_ACCENT_COLOR_NAME = AccentColor;
				CODE_SIGN_STYLE = Automatic;
				DEVELOPMENT_TEAM = 725KQ8UGA5;
				INFOPLIST_FILE = Repos/Info.plist;
				LD_RUNPATH_SEARCH_PATHS = (
					"$(inherited)",
					"@executable_path/Frameworks",
				);
				PRODUCT_BUNDLE_IDENTIFIER = com.robusta.Repos;
				PRODUCT_NAME = "$(TARGET_NAME)";
				SWIFT_VERSION = 5.0;
				TARGETED_DEVICE_FAMILY = "1,2";
			};
			name = Debug;
		};
		76A6A6ED26334F4B00DC7258 /* Release */ = {
			isa = XCBuildConfiguration;
			buildSettings = {
				ASSETCATALOG_COMPILER_APPICON_NAME = AppIcon;
				ASSETCATALOG_COMPILER_GLOBAL_ACCENT_COLOR_NAME = AccentColor;
				CODE_SIGN_STYLE = Automatic;
				DEVELOPMENT_TEAM = 725KQ8UGA5;
				INFOPLIST_FILE = Repos/Info.plist;
				LD_RUNPATH_SEARCH_PATHS = (
					"$(inherited)",
					"@executable_path/Frameworks",
				);
				PRODUCT_BUNDLE_IDENTIFIER = com.robusta.Repos;
				PRODUCT_NAME = "$(TARGET_NAME)";
				SWIFT_VERSION = 5.0;
				TARGETED_DEVICE_FAMILY = "1,2";
			};
			name = Release;
		};
		76A6A6EF26334F4B00DC7258 /* Debug */ = {
			isa = XCBuildConfiguration;
			buildSettings = {
				ALWAYS_EMBED_SWIFT_STANDARD_LIBRARIES = YES;
				BUNDLE_LOADER = "$(TEST_HOST)";
				CODE_SIGN_STYLE = Automatic;
				DEVELOPMENT_TEAM = 725KQ8UGA5;
				INFOPLIST_FILE = ReposTests/Info.plist;
				IPHONEOS_DEPLOYMENT_TARGET = 14.4;
				LD_RUNPATH_SEARCH_PATHS = (
					"$(inherited)",
					"@executable_path/Frameworks",
					"@loader_path/Frameworks",
				);
				PRODUCT_BUNDLE_IDENTIFIER = com.robusta.ReposTests;
				PRODUCT_NAME = "$(TARGET_NAME)";
				SWIFT_VERSION = 5.0;
				TARGETED_DEVICE_FAMILY = "1,2";
				TEST_HOST = "$(BUILT_PRODUCTS_DIR)/Repos.app/Repos";
			};
			name = Debug;
		};
		76A6A6F026334F4B00DC7258 /* Release */ = {
			isa = XCBuildConfiguration;
			buildSettings = {
				ALWAYS_EMBED_SWIFT_STANDARD_LIBRARIES = YES;
				BUNDLE_LOADER = "$(TEST_HOST)";
				CODE_SIGN_STYLE = Automatic;
				DEVELOPMENT_TEAM = 725KQ8UGA5;
				INFOPLIST_FILE = ReposTests/Info.plist;
				IPHONEOS_DEPLOYMENT_TARGET = 14.4;
				LD_RUNPATH_SEARCH_PATHS = (
					"$(inherited)",
					"@executable_path/Frameworks",
					"@loader_path/Frameworks",
				);
				PRODUCT_BUNDLE_IDENTIFIER = com.robusta.ReposTests;
				PRODUCT_NAME = "$(TARGET_NAME)";
				SWIFT_VERSION = 5.0;
				TARGETED_DEVICE_FAMILY = "1,2";
				TEST_HOST = "$(BUILT_PRODUCTS_DIR)/Repos.app/Repos";
			};
			name = Release;
		};
		76A6A6F226334F4B00DC7258 /* Debug */ = {
			isa = XCBuildConfiguration;
			buildSettings = {
				ALWAYS_EMBED_SWIFT_STANDARD_LIBRARIES = YES;
				CODE_SIGN_STYLE = Automatic;
				DEVELOPMENT_TEAM = 725KQ8UGA5;
				INFOPLIST_FILE = ReposUITests/Info.plist;
				LD_RUNPATH_SEARCH_PATHS = (
					"$(inherited)",
					"@executable_path/Frameworks",
					"@loader_path/Frameworks",
				);
				PRODUCT_BUNDLE_IDENTIFIER = com.robusta.ReposUITests;
				PRODUCT_NAME = "$(TARGET_NAME)";
				SWIFT_VERSION = 5.0;
				TARGETED_DEVICE_FAMILY = "1,2";
				TEST_TARGET_NAME = Repos;
			};
			name = Debug;
		};
		76A6A6F326334F4B00DC7258 /* Release */ = {
			isa = XCBuildConfiguration;
			buildSettings = {
				ALWAYS_EMBED_SWIFT_STANDARD_LIBRARIES = YES;
				CODE_SIGN_STYLE = Automatic;
				DEVELOPMENT_TEAM = 725KQ8UGA5;
				INFOPLIST_FILE = ReposUITests/Info.plist;
				LD_RUNPATH_SEARCH_PATHS = (
					"$(inherited)",
					"@executable_path/Frameworks",
					"@loader_path/Frameworks",
				);
				PRODUCT_BUNDLE_IDENTIFIER = com.robusta.ReposUITests;
				PRODUCT_NAME = "$(TARGET_NAME)";
				SWIFT_VERSION = 5.0;
				TARGETED_DEVICE_FAMILY = "1,2";
				TEST_TARGET_NAME = Repos;
			};
			name = Release;
		};
/* End XCBuildConfiguration section */

/* Begin XCConfigurationList section */
		76A6A6BC26334F4B00DC7258 /* Build configuration list for PBXProject "Repos" */ = {
			isa = XCConfigurationList;
			buildConfigurations = (
				76A6A6E926334F4B00DC7258 /* Debug */,
				76A6A6EA26334F4B00DC7258 /* Release */,
			);
			defaultConfigurationIsVisible = 0;
			defaultConfigurationName = Release;
		};
		76A6A6EB26334F4B00DC7258 /* Build configuration list for PBXNativeTarget "Repos" */ = {
			isa = XCConfigurationList;
			buildConfigurations = (
				76A6A6EC26334F4B00DC7258 /* Debug */,
				76A6A6ED26334F4B00DC7258 /* Release */,
			);
			defaultConfigurationIsVisible = 0;
			defaultConfigurationName = Release;
		};
		76A6A6EE26334F4B00DC7258 /* Build configuration list for PBXNativeTarget "ReposTests" */ = {
			isa = XCConfigurationList;
			buildConfigurations = (
				76A6A6EF26334F4B00DC7258 /* Debug */,
				76A6A6F026334F4B00DC7258 /* Release */,
			);
			defaultConfigurationIsVisible = 0;
			defaultConfigurationName = Release;
		};
		76A6A6F126334F4B00DC7258 /* Build configuration list for PBXNativeTarget "ReposUITests" */ = {
			isa = XCConfigurationList;
			buildConfigurations = (
				76A6A6F226334F4B00DC7258 /* Debug */,
				76A6A6F326334F4B00DC7258 /* Release */,
			);
			defaultConfigurationIsVisible = 0;
			defaultConfigurationName = Release;
		};
/* End XCConfigurationList section */
	};
	rootObject = 76A6A6B926334F4B00DC7258 /* Project object */;
}
